
Microsoft Visual Studio Solution File, Format Version 12.00
# Visual Studio 15
VisualStudioVersion = 15.0.26730.10
MinimumVisualStudioVersion = 10.0.40219.1
Project("{9A19103F-16F7-4668-BE54-9A1E7A4F7556}") = "RabbitLink", "RabbitLink\RabbitLink.csproj", "{C2948199-17DA-4847-B203-2B4E6F96BAAF}"
EndProject
Project("{9A19103F-16F7-4668-BE54-9A1E7A4F7556}") = "RabbitLink.UnitTests", "RabbitLink.UnitTests\RabbitLink.UnitTests.csproj", "{7A537FC1-7715-4DAC-988C-5E9982DCF621}"
EndProject
Project("{9A19103F-16F7-4668-BE54-9A1E7A4F7556}") = "Playground", "Playground\Playground.csproj", "{9CFDFF2F-8716-42AD-B780-31F9CB6AE42C}"
EndProject
Project("{2150E333-8FDC-42A3-9474-1A3956D46DE8}") = "Solution Items", "Solution Items", "{5007E24F-2771-47DF-8E89-B1185141325D}"
	ProjectSection(SolutionItems) = preProject
		..\.gitlab-ci.yml = ..\.gitlab-ci.yml
		..\build.cmd = ..\build.cmd
		..\LICENSE = ..\LICENSE
		..\README.md = ..\README.md
		..\.editorconfig = ..\.editorconfig
		..\.gitattributes = ..\.gitattributes
		..\Makefile = ..\Makefile
	EndProjectSection
EndProject
Project("{FAE04EC0-301F-11D3-BF4B-00C04F79EFBC}") = "RabbitLink.Serialization.Json", "RabbitLink.Serialization.Json\RabbitLink.Serialization.Json.csproj", "{6A5A7A43-295E-4DF2-B4FB-0858B2343A28}"
EndProject
Project("{FAE04EC0-301F-11D3-BF4B-00C04F79EFBC}") = "RabbitLink.FunctionalTests", "RabbitLink.FunctionalTests\RabbitLink.FunctionalTests.csproj", "{31954DE5-8DAE-4454-892B-81056E9B0E71}"
EndProject
Project("{FAE04EC0-301F-11D3-BF4B-00C04F79EFBC}") = "RabbitLink.Microsoft.Extensions.Logging", "RabbitLink.Microsoft.Extensions.Logging\RabbitLink.Microsoft.Extensions.Logging.csproj", "{195AC81F-B906-4BB2-B1ED-63829B5940B4}"
EndProject
Project("{FAE04EC0-301F-11D3-BF4B-00C04F79EFBC}") = "RabbitLink.System.Text.Json", "RabbitLink.System.Text.Json\RabbitLink.System.Text.Json.csproj", "{91DCF4D7-D0C5-4915-A96E-3EE53DE10007}"
EndProject
Global
	GlobalSection(SolutionConfigurationPlatforms) = preSolution
		Debug|Any CPU = Debug|Any CPU
		Release|Any CPU = Release|Any CPU
	EndGlobalSection
	GlobalSection(ProjectConfigurationPlatforms) = postSolution
		{C2948199-17DA-4847-B203-2B4E6F96BAAF}.Debug|Any CPU.ActiveCfg = Debug|Any CPU
		{C2948199-17DA-4847-B203-2B4E6F96BAAF}.Debug|Any CPU.Build.0 = Debug|Any CPU
		{C2948199-17DA-4847-B203-2B4E6F96BAAF}.Release|Any CPU.ActiveCfg = Release|Any CPU
		{C2948199-17DA-4847-B203-2B4E6F96BAAF}.Release|Any CPU.Build.0 = Release|Any CPU
		{7A537FC1-7715-4DAC-988C-5E9982DCF621}.Debug|Any CPU.ActiveCfg = Debug|Any CPU
		{7A537FC1-7715-4DAC-988C-5E9982DCF621}.Debug|Any CPU.Build.0 = Debug|Any CPU
		{7A537FC1-7715-4DAC-988C-5E9982DCF621}.Release|Any CPU.ActiveCfg = Release|Any CPU
		{7A537FC1-7715-4DAC-988C-5E9982DCF621}.Release|Any CPU.Build.0 = Release|Any CPU
		{9CFDFF2F-8716-42AD-B780-31F9CB6AE42C}.Debug|Any CPU.ActiveCfg = Debug|Any CPU
		{9CFDFF2F-8716-42AD-B780-31F9CB6AE42C}.Debug|Any CPU.Build.0 = Debug|Any CPU
		{9CFDFF2F-8716-42AD-B780-31F9CB6AE42C}.Release|Any CPU.ActiveCfg = Release|Any CPU
		{9CFDFF2F-8716-42AD-B780-31F9CB6AE42C}.Release|Any CPU.Build.0 = Release|Any CPU
		{6A5A7A43-295E-4DF2-B4FB-0858B2343A28}.Debug|Any CPU.ActiveCfg = Debug|Any CPU
		{6A5A7A43-295E-4DF2-B4FB-0858B2343A28}.Debug|Any CPU.Build.0 = Debug|Any CPU
		{6A5A7A43-295E-4DF2-B4FB-0858B2343A28}.Release|Any CPU.ActiveCfg = Release|Any CPU
		{6A5A7A43-295E-4DF2-B4FB-0858B2343A28}.Release|Any CPU.Build.0 = Release|Any CPU
		{195AC81F-B906-4BB2-B1ED-63829B5940B4}.Debug|Any CPU.ActiveCfg = Debug|Any CPU
		{195AC81F-B906-4BB2-B1ED-63829B5940B4}.Debug|Any CPU.Build.0 = Debug|Any CPU
		{195AC81F-B906-4BB2-B1ED-63829B5940B4}.Release|Any CPU.ActiveCfg = Release|Any CPU
		{195AC81F-B906-4BB2-B1ED-63829B5940B4}.Release|Any CPU.Build.0 = Release|Any CPU
		{91DCF4D7-D0C5-4915-A96E-3EE53DE10007}.Debug|Any CPU.ActiveCfg = Debug|Any CPU
		{91DCF4D7-D0C5-4915-A96E-3EE53DE10007}.Debug|Any CPU.Build.0 = Debug|Any CPU
		{91DCF4D7-D0C5-4915-A96E-3EE53DE10007}.Release|Any CPU.ActiveCfg = Release|Any CPU
		{91DCF4D7-D0C5-4915-A96E-3EE53DE10007}.Release|Any CPU.Build.0 = Release|Any CPU
		{31954DE5-8DAE-4454-892B-81056E9B0E71}.Debug|Any CPU.ActiveCfg = Debug|Any CPU
		{31954DE5-8DAE-4454-892B-81056E9B0E71}.Debug|Any CPU.Build.0 = Debug|Any CPU
		{31954DE5-8DAE-4454-892B-81056E9B0E71}.Release|Any CPU.ActiveCfg = Release|Any CPU
		{31954DE5-8DAE-4454-892B-81056E9B0E71}.Release|Any CPU.Build.0 = Release|Any CPU
	EndGlobalSection
	GlobalSection(SolutionProperties) = preSolution
		HideSolutionNode = FALSE
	EndGlobalSection
	GlobalSection(ExtensibilityGlobals) = postSolution
		SolutionGuid = {E5C26257-D046-4168-A97C-1BD8CF64B5F4}
	EndGlobalSection
EndGlobal
